
Microsoft Visual Studio Solution File, Format Version 12.00
# Visual Studio Version 17
VisualStudioVersion = 17.8.34525.116
MinimumVisualStudioVersion = 10.0.40219.1
Project("{FAE04EC0-301F-11D3-BF4B-00C04F79EFBC}") = "Hotel", "Hotel.csproj", "{62867569-F76E-48D8-8B3B-9A0A37BEEC08}"
EndProject
Global
	GlobalSection(SolutionConfigurationPlatforms) = preSolution
		Debug|Any CPU = Debug|Any CPU
		Release|Any CPU = Release|Any CPU
	EndGlobalSection
	GlobalSection(ProjectConfigurationPlatforms) = postSolution
		{62867569-F76E-48D8-8B3B-9A0A37BEEC08}.Debug|Any CPU.ActiveCfg = Debug|Any CPU
		{62867569-F76E-48D8-8B3B-9A0A37BEEC08}.Debug|Any CPU.Build.0 = Debug|Any CPU
		{62867569-F76E-48D8-8B3B-9A0A37BEEC08}.Release|Any CPU.ActiveCfg = Release|Any CPU
		{62867569-F76E-48D8-8B3B-9A0A37BEEC08}.Release|Any CPU.Build.0 = Release|Any CPU
	EndGlobalSection
	GlobalSection(SolutionProperties) = preSolution
		HideSolutionNode = FALSE
	EndGlobalSection
	GlobalSection(ExtensibilityGlobals) = postSolution
		SolutionGuid = {77E9E846-4416-45AD-A71C-04782E930A54}
	EndGlobalSection
EndGlobal
